
Microsoft Visual Studio Solution File, Format Version 12.00
# Visual Studio 15
VisualStudioVersion = 15.0.26403.7
MinimumVisualStudioVersion = 10.0.40219.1
Project("{FAE04EC0-301F-11D3-BF4B-00C04F79EFBC}") = "TerrariaServerAPI", "TerrariaServerAPI\TerrariaServerAPI.csproj", "{6877506E-ADC6-4142-98A6-79E4FA02855A}"
EndProject
Project("{FAE04EC0-301F-11D3-BF4B-00C04F79EFBC}") = "TShock.Modifications.Bootstrapper", "TShock.Modifications.Bootstrapper\TShock.Modifications.Bootstrapper.csproj", "{99902AD0-5503-4B36-A741-2E173A2F8DD6}"
EndProject
Project("{FAE04EC0-301F-11D3-BF4B-00C04F79EFBC}") = "TShock.Modifications.ClientUUID", "TShock.Modifications.ClientUUID\TShock.Modifications.ClientUUID.csproj", "{C55924FE-1CBA-4C27-AEDA-FD684D29AEF9}"
EndProject
Project("{FAE04EC0-301F-11D3-BF4B-00C04F79EFBC}") = "TShock.Modifications.Explosives", "TShock.Modifications.Explosives\TShock.Modifications.Explosives.csproj", "{1F38F62E-41EF-43D0-87EA-C174C8354606}"
EndProject
Project("{2150E333-8FDC-42A3-9474-1A3956D46DE8}") = "Documents", "Documents", "{3FB93F08-4F2C-4261-86D2-992C183F4FD4}"
	ProjectSection(SolutionItems) = preProject
		build_instructions.txt = build_instructions.txt
	EndProjectSection
EndProject
Project("{FAE04EC0-301F-11D3-BF4B-00C04F79EFBC}") = "TShock.Modifications.SSC", "TShock.Modifications.SSC\TShock.Modifications.SSC.csproj", "{23EA4516-79FF-4DE4-AE92-3F3D69A906CA}"
EndProject
Project("{FAE04EC0-301F-11D3-BF4B-00C04F79EFBC}") = "TShock.Modifications.Platform", "TShock.Modifications.Platform\TShock.Modifications.Platform.csproj", "{AC441C8A-EA6B-416F-9961-FA944131AFB6}"
EndProject
Global
	GlobalSection(SolutionConfigurationPlatforms) = preSolution
		Debug|Any CPU = Debug|Any CPU
		Debug|x64 = Debug|x64
		Debug|x86 = Debug|x86
		Mono|Any CPU = Mono|Any CPU
		Mono|x64 = Mono|x64
		Mono|x86 = Mono|x86
		Release|Any CPU = Release|Any CPU
		Release|x64 = Release|x64
		Release|x86 = Release|x86
	EndGlobalSection
	GlobalSection(ProjectConfigurationPlatforms) = postSolution
		{6877506E-ADC6-4142-98A6-79E4FA02855A}.Debug|Any CPU.ActiveCfg = Debug|x86
		{6877506E-ADC6-4142-98A6-79E4FA02855A}.Debug|x64.ActiveCfg = Debug|x64
		{6877506E-ADC6-4142-98A6-79E4FA02855A}.Debug|x64.Build.0 = Debug|x64
		{6877506E-ADC6-4142-98A6-79E4FA02855A}.Debug|x86.ActiveCfg = Debug|x86
		{6877506E-ADC6-4142-98A6-79E4FA02855A}.Debug|x86.Build.0 = Debug|x86
		{6877506E-ADC6-4142-98A6-79E4FA02855A}.Mono|Any CPU.ActiveCfg = Mono|x86
		{6877506E-ADC6-4142-98A6-79E4FA02855A}.Mono|x64.ActiveCfg = Mono|x64
		{6877506E-ADC6-4142-98A6-79E4FA02855A}.Mono|x64.Build.0 = Mono|x64
		{6877506E-ADC6-4142-98A6-79E4FA02855A}.Mono|x86.ActiveCfg = Mono|x86
		{6877506E-ADC6-4142-98A6-79E4FA02855A}.Mono|x86.Build.0 = Mono|x86
		{6877506E-ADC6-4142-98A6-79E4FA02855A}.Release|Any CPU.ActiveCfg = Release|x86
		{6877506E-ADC6-4142-98A6-79E4FA02855A}.Release|x64.ActiveCfg = Release|x64
		{6877506E-ADC6-4142-98A6-79E4FA02855A}.Release|x64.Build.0 = Release|x64
		{6877506E-ADC6-4142-98A6-79E4FA02855A}.Release|x86.ActiveCfg = Release|x86
		{6877506E-ADC6-4142-98A6-79E4FA02855A}.Release|x86.Build.0 = Release|x86
		{99902AD0-5503-4B36-A741-2E173A2F8DD6}.Debug|Any CPU.ActiveCfg = Debug|Any CPU
		{99902AD0-5503-4B36-A741-2E173A2F8DD6}.Debug|Any CPU.Build.0 = Debug|Any CPU
		{99902AD0-5503-4B36-A741-2E173A2F8DD6}.Debug|x64.ActiveCfg = Debug|Any CPU
		{99902AD0-5503-4B36-A741-2E173A2F8DD6}.Debug|x64.Build.0 = Debug|Any CPU
		{99902AD0-5503-4B36-A741-2E173A2F8DD6}.Debug|x86.ActiveCfg = Debug|Any CPU
		{99902AD0-5503-4B36-A741-2E173A2F8DD6}.Debug|x86.Build.0 = Debug|Any CPU
		{99902AD0-5503-4B36-A741-2E173A2F8DD6}.Mono|Any CPU.ActiveCfg = Release|Any CPU
		{99902AD0-5503-4B36-A741-2E173A2F8DD6}.Mono|Any CPU.Build.0 = Release|Any CPU
		{99902AD0-5503-4B36-A741-2E173A2F8DD6}.Mono|x64.ActiveCfg = Release|Any CPU
		{99902AD0-5503-4B36-A741-2E173A2F8DD6}.Mono|x64.Build.0 = Release|Any CPU
		{99902AD0-5503-4B36-A741-2E173A2F8DD6}.Mono|x86.ActiveCfg = Release|Any CPU
		{99902AD0-5503-4B36-A741-2E173A2F8DD6}.Mono|x86.Build.0 = Release|Any CPU
		{99902AD0-5503-4B36-A741-2E173A2F8DD6}.Release|Any CPU.ActiveCfg = Release|Any CPU
		{99902AD0-5503-4B36-A741-2E173A2F8DD6}.Release|Any CPU.Build.0 = Release|Any CPU
		{99902AD0-5503-4B36-A741-2E173A2F8DD6}.Release|x64.ActiveCfg = Release|Any CPU
		{99902AD0-5503-4B36-A741-2E173A2F8DD6}.Release|x64.Build.0 = Release|Any CPU
		{99902AD0-5503-4B36-A741-2E173A2F8DD6}.Release|x86.ActiveCfg = Release|Any CPU
		{99902AD0-5503-4B36-A741-2E173A2F8DD6}.Release|x86.Build.0 = Release|Any CPU
		{C55924FE-1CBA-4C27-AEDA-FD684D29AEF9}.Debug|Any CPU.ActiveCfg = Debug|Any CPU
		{C55924FE-1CBA-4C27-AEDA-FD684D29AEF9}.Debug|Any CPU.Build.0 = Debug|Any CPU
		{C55924FE-1CBA-4C27-AEDA-FD684D29AEF9}.Debug|x64.ActiveCfg = Debug|Any CPU
		{C55924FE-1CBA-4C27-AEDA-FD684D29AEF9}.Debug|x64.Build.0 = Debug|Any CPU
		{C55924FE-1CBA-4C27-AEDA-FD684D29AEF9}.Debug|x86.ActiveCfg = Debug|Any CPU
		{C55924FE-1CBA-4C27-AEDA-FD684D29AEF9}.Debug|x86.Build.0 = Debug|Any CPU
		{C55924FE-1CBA-4C27-AEDA-FD684D29AEF9}.Mono|Any CPU.ActiveCfg = Release|Any CPU
		{C55924FE-1CBA-4C27-AEDA-FD684D29AEF9}.Mono|Any CPU.Build.0 = Release|Any CPU
		{C55924FE-1CBA-4C27-AEDA-FD684D29AEF9}.Mono|x64.ActiveCfg = Release|Any CPU
		{C55924FE-1CBA-4C27-AEDA-FD684D29AEF9}.Mono|x64.Build.0 = Release|Any CPU
		{C55924FE-1CBA-4C27-AEDA-FD684D29AEF9}.Mono|x86.ActiveCfg = Release|Any CPU
		{C55924FE-1CBA-4C27-AEDA-FD684D29AEF9}.Mono|x86.Build.0 = Release|Any CPU
		{C55924FE-1CBA-4C27-AEDA-FD684D29AEF9}.Release|Any CPU.ActiveCfg = Release|Any CPU
		{C55924FE-1CBA-4C27-AEDA-FD684D29AEF9}.Release|Any CPU.Build.0 = Release|Any CPU
		{C55924FE-1CBA-4C27-AEDA-FD684D29AEF9}.Release|x64.ActiveCfg = Release|Any CPU
		{C55924FE-1CBA-4C27-AEDA-FD684D29AEF9}.Release|x64.Build.0 = Release|Any CPU
		{C55924FE-1CBA-4C27-AEDA-FD684D29AEF9}.Release|x86.ActiveCfg = Release|Any CPU
		{C55924FE-1CBA-4C27-AEDA-FD684D29AEF9}.Release|x86.Build.0 = Release|Any CPU
		{1F38F62E-41EF-43D0-87EA-C174C8354606}.Debug|Any CPU.ActiveCfg = Debug|Any CPU
		{1F38F62E-41EF-43D0-87EA-C174C8354606}.Debug|Any CPU.Build.0 = Debug|Any CPU
		{1F38F62E-41EF-43D0-87EA-C174C8354606}.Debug|x64.ActiveCfg = Debug|Any CPU
		{1F38F62E-41EF-43D0-87EA-C174C8354606}.Debug|x64.Build.0 = Debug|Any CPU
		{1F38F62E-41EF-43D0-87EA-C174C8354606}.Debug|x86.ActiveCfg = Debug|Any CPU
		{1F38F62E-41EF-43D0-87EA-C174C8354606}.Debug|x86.Build.0 = Debug|Any CPU
		{1F38F62E-41EF-43D0-87EA-C174C8354606}.Mono|Any CPU.ActiveCfg = Release|Any CPU
		{1F38F62E-41EF-43D0-87EA-C174C8354606}.Mono|Any CPU.Build.0 = Release|Any CPU
		{1F38F62E-41EF-43D0-87EA-C174C8354606}.Mono|x64.ActiveCfg = Release|Any CPU
		{1F38F62E-41EF-43D0-87EA-C174C8354606}.Mono|x64.Build.0 = Release|Any CPU
		{1F38F62E-41EF-43D0-87EA-C174C8354606}.Mono|x86.ActiveCfg = Release|Any CPU
		{1F38F62E-41EF-43D0-87EA-C174C8354606}.Mono|x86.Build.0 = Release|Any CPU
		{1F38F62E-41EF-43D0-87EA-C174C8354606}.Release|Any CPU.ActiveCfg = Release|Any CPU
		{1F38F62E-41EF-43D0-87EA-C174C8354606}.Release|Any CPU.Build.0 = Release|Any CPU
		{1F38F62E-41EF-43D0-87EA-C174C8354606}.Release|x64.ActiveCfg = Release|Any CPU
		{1F38F62E-41EF-43D0-87EA-C174C8354606}.Release|x64.Build.0 = Release|Any CPU
		{1F38F62E-41EF-43D0-87EA-C174C8354606}.Release|x86.ActiveCfg = Release|Any CPU
		{1F38F62E-41EF-43D0-87EA-C174C8354606}.Release|x86.Build.0 = Release|Any CPU
		{23EA4516-79FF-4DE4-AE92-3F3D69A906CA}.Debug|Any CPU.ActiveCfg = Debug|Any CPU
		{23EA4516-79FF-4DE4-AE92-3F3D69A906CA}.Debug|Any CPU.Build.0 = Debug|Any CPU
		{23EA4516-79FF-4DE4-AE92-3F3D69A906CA}.Debug|x64.ActiveCfg = Debug|Any CPU
		{23EA4516-79FF-4DE4-AE92-3F3D69A906CA}.Debug|x64.Build.0 = Debug|Any CPU
		{23EA4516-79FF-4DE4-AE92-3F3D69A906CA}.Debug|x86.ActiveCfg = Debug|Any CPU
		{23EA4516-79FF-4DE4-AE92-3F3D69A906CA}.Debug|x86.Build.0 = Debug|Any CPU
		{23EA4516-79FF-4DE4-AE92-3F3D69A906CA}.Mono|Any CPU.ActiveCfg = Release|Any CPU
		{23EA4516-79FF-4DE4-AE92-3F3D69A906CA}.Mono|Any CPU.Build.0 = Release|Any CPU
		{23EA4516-79FF-4DE4-AE92-3F3D69A906CA}.Mono|x64.ActiveCfg = Release|Any CPU
		{23EA4516-79FF-4DE4-AE92-3F3D69A906CA}.Mono|x64.Build.0 = Release|Any CPU
		{23EA4516-79FF-4DE4-AE92-3F3D69A906CA}.Mono|x86.ActiveCfg = Release|Any CPU
		{23EA4516-79FF-4DE4-AE92-3F3D69A906CA}.Mono|x86.Build.0 = Release|Any CPU
		{23EA4516-79FF-4DE4-AE92-3F3D69A906CA}.Release|Any CPU.ActiveCfg = Release|Any CPU
		{23EA4516-79FF-4DE4-AE92-3F3D69A906CA}.Release|Any CPU.Build.0 = Release|Any CPU
		{23EA4516-79FF-4DE4-AE92-3F3D69A906CA}.Release|x64.ActiveCfg = Release|Any CPU
		{23EA4516-79FF-4DE4-AE92-3F3D69A906CA}.Release|x64.Build.0 = Release|Any CPU
		{23EA4516-79FF-4DE4-AE92-3F3D69A906CA}.Release|x86.ActiveCfg = Release|Any CPU
		{23EA4516-79FF-4DE4-AE92-3F3D69A906CA}.Release|x86.Build.0 = Release|Any CPU
		{AC441C8A-EA6B-416F-9961-FA944131AFB6}.Debug|Any CPU.ActiveCfg = Debug|Any CPU
		{AC441C8A-EA6B-416F-9961-FA944131AFB6}.Debug|Any CPU.Build.0 = Debug|Any CPU
		{AC441C8A-EA6B-416F-9961-FA944131AFB6}.Debug|x64.ActiveCfg = Debug|Any CPU
		{AC441C8A-EA6B-416F-9961-FA944131AFB6}.Debug|x64.Build.0 = Debug|Any CPU
		{AC441C8A-EA6B-416F-9961-FA944131AFB6}.Debug|x86.ActiveCfg = Debug|Any CPU
		{AC441C8A-EA6B-416F-9961-FA944131AFB6}.Debug|x86.Build.0 = Debug|Any CPU
		{AC441C8A-EA6B-416F-9961-FA944131AFB6}.Mono|Any CPU.ActiveCfg = Release|Any CPU
		{AC441C8A-EA6B-416F-9961-FA944131AFB6}.Mono|Any CPU.Build.0 = Release|Any CPU
		{AC441C8A-EA6B-416F-9961-FA944131AFB6}.Mono|x64.ActiveCfg = Release|Any CPU
		{AC441C8A-EA6B-416F-9961-FA944131AFB6}.Mono|x64.Build.0 = Release|Any CPU
		{AC441C8A-EA6B-416F-9961-FA944131AFB6}.Mono|x86.ActiveCfg = Release|Any CPU
		{AC441C8A-EA6B-416F-9961-FA944131AFB6}.Mono|x86.Build.0 = Release|Any CPU
		{AC441C8A-EA6B-416F-9961-FA944131AFB6}.Release|Any CPU.ActiveCfg = Release|Any CPU
		{AC441C8A-EA6B-416F-9961-FA944131AFB6}.Release|Any CPU.Build.0 = Release|Any CPU
		{AC441C8A-EA6B-416F-9961-FA944131AFB6}.Release|x64.ActiveCfg = Release|Any CPU
		{AC441C8A-EA6B-416F-9961-FA944131AFB6}.Release|x64.Build.0 = Release|Any CPU
		{AC441C8A-EA6B-416F-9961-FA944131AFB6}.Release|x86.ActiveCfg = Release|Any CPU
		{AC441C8A-EA6B-416F-9961-FA944131AFB6}.Release|x86.Build.0 = Release|Any CPU
	EndGlobalSection
	GlobalSection(SolutionProperties) = preSolution
		HideSolutionNode = FALSE
	EndGlobalSection
EndGlobal
